anyio==3.6.1
appdirs==1.4.4
astroid==2.9.0
asttokens==2.0.5
attrs==21.4.0
backcall==0.2.0
black==22.3.0
certifi==2020.6.20
cfgv==3.3.1
charset-normalizer==2.1.0
click==8.0.4
coverage==6.3.2
decorator==5.1.1
Deprecated==1.2.13
distlib==0.3.4
executing==0.8.3
fastapi==0.78.0
fastapi-utils==0.2.1
filelock==3.6.0
flake8==4.0.1
greenlet==1.1.2
h11==0.13.0
httptools==0.4.0
identify==2.4.12
idna==3.3
importlib-metadata==4.11.3
iniconfig==1.1.1
ipython==8.1.1
isort==5.9.3
jedi==0.18.1
lazy-object-proxy==1.6.0
matplotlib-inline==0.1.2
mccabe==0.6.1
mypy==0.910
mypy-extensions==0.4.3
nodeenv==1.6.0
numpy==1.22.1
packaging==21.3
parso==0.8.3
pathspec==0.9.0
pexpect==4.8.0
pickleshare==0.7.5
pip==22.1.2
pipx==1.0.0
platformdirs==2.4.0
pluggy==1.0.0
pre-commit==2.17.0
prompt-toolkit==3.0.20
psutil==5.8.0
ptyprocess==0.7.0
pure-eval==0.2.2
py==1.11.0
pycodestyle==2.8.0
pydantic==1.9.1
pyflakes==2.4.0
Pygments==2.11.2
pylint==2.12.2
pyparsing==3.0.7
PySide6==6.3.1
PySide6-Addons==6.3.1
PySide6-Essentials==6.3.1
pytest==7.1.1
pytest-cov==3.0.0
python-decouple==3.6
python-dotenv==0.20.0
PyYAML==6.0
redis==4.1.2
regex==2022.3.15
requests==2.28.1
setuptools==58.0.4
shiboken6==6.3.1
six==1.16.0
sniffio==1.2.0
SQLAlchemy==1.4.39
stack-data==0.2.0
starlette==0.19.1
toml==0.10.2
tomli==2.0.1
traitlets==5.1.1
typed-ast==1.4.3
typing_extensions==4.1.1
urllib3==1.26.9
userpath==1.7.0
uvicorn==0.18.2
uvloop==0.16.0
virtualenv==20.14.0
watchfiles==0.15.0
wcwidth==0.2.5
websockets==10.3
wheel==0.37.1
wrapt==1.13.3
zipp==3.7.0
